
Microsoft Visual Studio Solution File, Format Version 12.00
# Visual Studio Version 16
VisualStudioVersion = 16.0.29728.190
MinimumVisualStudioVersion = 10.0.40219.1
Project("{9A19103F-16F7-4668-BE54-9A1E7A4F7556}") = "NewsletterSub", "src\NewsletterSub.csproj", "{8A6E1217-C6D2-4DEE-8F3A-43446794BE47}"
EndProject
Project("{FAE04EC0-301F-11D3-BF4B-00C04F79EFBC}") = "NewsletterSub.Tests", "test\NewsletterSub.Tests.csproj", "{3389258C-A1BD-4599-8157-2CD516E1EDF6}"
EndProject
Global
	GlobalSection(SolutionConfigurationPlatforms) = preSolution
		Debug|Any CPU = Debug|Any CPU
		Release|Any CPU = Release|Any CPU
	EndGlobalSection
	GlobalSection(ProjectConfigurationPlatforms) = postSolution
		{8A6E1217-C6D2-4DEE-8F3A-43446794BE47}.Debug|Any CPU.ActiveCfg = Debug|Any CPU
		{8A6E1217-C6D2-4DEE-8F3A-43446794BE47}.Debug|Any CPU.Build.0 = Debug|Any CPU
		{8A6E1217-C6D2-4DEE-8F3A-43446794BE47}.Release|Any CPU.ActiveCfg = Release|Any CPU
		{8A6E1217-C6D2-4DEE-8F3A-43446794BE47}.Release|Any CPU.Build.0 = Release|Any CPU
		{3389258C-A1BD-4599-8157-2CD516E1EDF6}.Debug|Any CPU.ActiveCfg = Debug|Any CPU
		{3389258C-A1BD-4599-8157-2CD516E1EDF6}.Debug|Any CPU.Build.0 = Debug|Any CPU
		{3389258C-A1BD-4599-8157-2CD516E1EDF6}.Release|Any CPU.ActiveCfg = Release|Any CPU
		{3389258C-A1BD-4599-8157-2CD516E1EDF6}.Release|Any CPU.Build.0 = Release|Any CPU
	EndGlobalSection
	GlobalSection(SolutionProperties) = preSolution
		HideSolutionNode = FALSE
	EndGlobalSection
	GlobalSection(ExtensibilityGlobals) = postSolution
		SolutionGuid = {565D8521-B1AC-4A77-B334-27D32D44F1B5}
	EndGlobalSection
EndGlobal
